
Microsoft Visual Studio Solution File, Format Version 12.00
# Visual Studio Version 17
VisualStudioVersion = 17.0.31903.59
MinimumVisualStudioVersion = 10.0.40219.1
Project("{2150E333-8FDC-42A3-9474-1A3956D46DE8}") = "CIME", "CIME", "{A3D55361-3A4F-408C-827C-9C6A18ED7053}"
EndProject
Project("{2150E333-8FDC-42A3-9474-1A3956D46DE8}") = "modules", "modules", "{4030C68B-5873-4429-B142-3E6CE5C152A4}"
EndProject
Project("{2150E333-8FDC-42A3-9474-1A3956D46DE8}") = "Solvace.AI", "Solvace.AI", "{2DBB8B44-E25A-48B8-938C-0893D593B8BB}"
EndProject
Project("{2150E333-8FDC-42A3-9474-1A3956D46DE8}") = "src", "src", "{47D3ED42-CD3C-4842-AA37-1D9A1A49F312}"
EndProject
Project("{FAE04EC0-301F-11D3-BF4B-00C04F79EFBC}") = "solvace.ai.application", "CIME\modules\Solvace.AI\src\solvace.ai.application\solvace.ai.application.csproj", "{18E86C09-5114-4BB5-BD85-C2F035CC9B11}"
EndProject
Project("{FAE04EC0-301F-11D3-BF4B-00C04F79EFBC}") = "solvace.ai.domain", "CIME\modules\Solvace.AI\src\solvace.ai.domain\solvace.ai.domain.csproj", "{76D245A6-783E-4BEE-B64A-E8DBA453C9F2}"
EndProject
Project("{2150E333-8FDC-42A3-9474-1A3956D46DE8}") = "Solvace.PullRequests", "Solvace.PullRequests", "{6BE3B2F4-A3C3-4DA2-89A0-02E9D88A92A7}"
EndProject
Project("{2150E333-8FDC-42A3-9474-1A3956D46DE8}") = "src", "src", "{F404A13D-9E1C-4E71-98FE-A49319954990}"
EndProject
Project("{FAE04EC0-301F-11D3-BF4B-00C04F79EFBC}") = "solvace.prform.api", "CIME\modules\Solvace.PullRequests\src\solvace.prform.api\solvace.prform.api.csproj", "{A9946032-B813-4C3A-B771-C7E8F61B2B64}"
EndProject
Project("{FAE04EC0-301F-11D3-BF4B-00C04F79EFBC}") = "solvace.prform.application", "CIME\modules\Solvace.PullRequests\src\solvace.prform.application\solvace.prform.application.csproj", "{76F53DE5-AAA3-40B6-AC4C-58FEF73A4A84}"
EndProject
Project("{FAE04EC0-301F-11D3-BF4B-00C04F79EFBC}") = "solvace.prform.domain", "CIME\modules\Solvace.PullRequests\src\solvace.prform.domain\solvace.prform.domain.csproj", "{012C7CA2-8429-4370-BEA3-F5AD1E628D64}"
EndProject
Project("{FAE04EC0-301F-11D3-BF4B-00C04F79EFBC}") = "solvace.prform.infra", "CIME\modules\Solvace.PullRequests\src\solvace.prform.infra\solvace.prform.infra.csproj", "{D0415AB4-46CD-49FA-A677-4E68B9734DF2}"
EndProject
Project("{2150E333-8FDC-42A3-9474-1A3956D46DE8}") = "Cime.BuildingBlocks", "Cime.BuildingBlocks", "{6F819D82-C2EA-44FD-A705-775F63639C2A}"
EndProject
Project("{2150E333-8FDC-42A3-9474-1A3956D46DE8}") = "src", "src", "{D5C5D7C4-D7C6-40E7-9367-8C7319667AE8}"
EndProject
Project("{FAE04EC0-301F-11D3-BF4B-00C04F79EFBC}") = "Cime.BuildingBlocks.CorsPolice", "CIME\modules\Cime.BuildingBlocks\src\Cime.BuildingBlocks.CorsPolice\Cime.BuildingBlocks.CorsPolice.csproj", "{94080F91-C907-4121-B313-16E5CE11ED5C}"
EndProject
Project("{FAE04EC0-301F-11D3-BF4B-00C04F79EFBC}") = "Cime.BuildingBlocks.ExceptionHandlerMiddleware", "CIME\modules\Cime.BuildingBlocks\src\Cime.BuildingBlocks.ExceptionHandlerMiddleware\Cime.BuildingBlocks.ExceptionHandlerMiddleware.csproj", "{B449BEAF-E09D-48A8-B0FC-E264FF722447}"
EndProject
Project("{FAE04EC0-301F-11D3-BF4B-00C04F79EFBC}") = "Cime.BuildingBlocks.GlobalExtensions", "CIME\modules\Cime.BuildingBlocks\src\Cime.BuildingBlocks.GlobalExtensions\Cime.BuildingBlocks.GlobalExtensions.csproj", "{BC5FC6D2-5E53-42BD-94FD-43744C1E58AF}"
EndProject
Project("{FAE04EC0-301F-11D3-BF4B-00C04F79EFBC}") = "Cime.BuildingBlocks.GlobalModels", "CIME\modules\Cime.BuildingBlocks\src\Cime.BuildingBlocks.GlobalModels\Cime.BuildingBlocks.GlobalModels.csproj", "{0928BBE0-B091-4917-91F2-24BD4ED17FD1}"
EndProject
Project("{FAE04EC0-301F-11D3-BF4B-00C04F79EFBC}") = "Cime.BuildingBlocks.Security", "CIME\modules\Cime.BuildingBlocks\src\Cime.BuildingBlocks.Security\Cime.BuildingBlocks.Security.csproj", "{AABF9CF0-71AA-4D21-B420-F9EBD837F18C}"
EndProject
Project("{FAE04EC0-301F-11D3-BF4B-00C04F79EFBC}") = "Cime.BuildingBlocks.Swagger", "CIME\modules\Cime.BuildingBlocks\src\Cime.BuildingBlocks.Swagger\Cime.BuildingBlocks.Swagger.csproj", "{E9741539-F84F-4D4D-8E9E-2142C6FC642E}"
EndProject
Project("{2150E333-8FDC-42A3-9474-1A3956D46DE8}") = "Solvace.Azure", "Solvace.Azure", "{11A630B6-37EB-46F3-B752-2B0CAD9A465D}"
EndProject
Project("{2150E333-8FDC-42A3-9474-1A3956D46DE8}") = "src", "src", "{DE8B6912-C263-438C-92BC-447B8B7F57E8}"
EndProject
Project("{FAE04EC0-301F-11D3-BF4B-00C04F79EFBC}") = "solvace.azure.application", "CIME\modules\Solvace.Azure\src\solvace.azure.application\solvace.azure.application.csproj", "{B00661B0-23FA-4FB4-8008-75281E0E56CA}"
EndProject
Project("{FAE04EC0-301F-11D3-BF4B-00C04F79EFBC}") = "solvace.azure.domain", "CIME\modules\Solvace.Azure\src\solvace.azure.domain\solvace.azure.domain.csproj", "{84104BCA-1905-4EDE-9720-BBE45AA54F13}"
EndProject
Project("{FAE04EC0-301F-11D3-BF4B-00C04F79EFBC}") = "solvace.azure.infra", "CIME\modules\Solvace.Azure\src\solvace.azure.infra\solvace.azure.infra.csproj", "{18C5F79B-A255-4809-ABD4-D04972D466C8}"
EndProject
Project("{2150E333-8FDC-42A3-9474-1A3956D46DE8}") = "Solvace.GitHub", "Solvace.GitHub", "{D332FFAE-F64A-4CF6-9D9A-E594895BACC7}"
EndProject
Project("{2150E333-8FDC-42A3-9474-1A3956D46DE8}") = "src", "src", "{3B42C2BF-715D-42F8-A561-BDC51D590768}"
EndProject
Project("{FAE04EC0-301F-11D3-BF4B-00C04F79EFBC}") = "solvace.github.application", "CIME\modules\Solvace.GitHub\src\solvace.github.application\solvace.github.application.csproj", "{024EBCBE-0D0B-4F83-880D-4D8EE53A4DC5}"
EndProject
Project("{FAE04EC0-301F-11D3-BF4B-00C04F79EFBC}") = "solvace.github.domain", "CIME\modules\Solvace.GitHub\src\solvace.github.domain\solvace.github.domain.csproj", "{A920ED7A-4662-41A4-A4BE-98CDC04A82A7}"
EndProject
Project("{FAE04EC0-301F-11D3-BF4B-00C04F79EFBC}") = "solvace.github.infra", "CIME\modules\Solvace.GitHub\src\solvace.github.infra\solvace.github.infra.csproj", "{FA4E5767-074E-4F62-A29A-9808747FFC39}"
EndProject
Global
	GlobalSection(SolutionConfigurationPlatforms) = preSolution
		Debug|Any CPU = Debug|Any CPU
		Release|Any CPU = Release|Any CPU
	EndGlobalSection
	GlobalSection(SolutionProperties) = preSolution
		HideSolutionNode = FALSE
	EndGlobalSection
	GlobalSection(ProjectConfigurationPlatforms) = postSolution
		{18E86C09-5114-4BB5-BD85-C2F035CC9B11}.Debug|Any CPU.ActiveCfg = Debug|Any CPU
		{18E86C09-5114-4BB5-BD85-C2F035CC9B11}.Debug|Any CPU.Build.0 = Debug|Any CPU
		{18E86C09-5114-4BB5-BD85-C2F035CC9B11}.Release|Any CPU.ActiveCfg = Release|Any CPU
		{18E86C09-5114-4BB5-BD85-C2F035CC9B11}.Release|Any CPU.Build.0 = Release|Any CPU
		{76D245A6-783E-4BEE-B64A-E8DBA453C9F2}.Debug|Any CPU.ActiveCfg = Debug|Any CPU
		{76D245A6-783E-4BEE-B64A-E8DBA453C9F2}.Debug|Any CPU.Build.0 = Debug|Any CPU
		{76D245A6-783E-4BEE-B64A-E8DBA453C9F2}.Release|Any CPU.ActiveCfg = Release|Any CPU
		{76D245A6-783E-4BEE-B64A-E8DBA453C9F2}.Release|Any CPU.Build.0 = Release|Any CPU
		{A9946032-B813-4C3A-B771-C7E8F61B2B64}.Debug|Any CPU.ActiveCfg = Debug|Any CPU
		{A9946032-B813-4C3A-B771-C7E8F61B2B64}.Debug|Any CPU.Build.0 = Debug|Any CPU
		{A9946032-B813-4C3A-B771-C7E8F61B2B64}.Release|Any CPU.ActiveCfg = Release|Any CPU
		{A9946032-B813-4C3A-B771-C7E8F61B2B64}.Release|Any CPU.Build.0 = Release|Any CPU
		{76F53DE5-AAA3-40B6-AC4C-58FEF73A4A84}.Debug|Any CPU.ActiveCfg = Debug|Any CPU
		{76F53DE5-AAA3-40B6-AC4C-58FEF73A4A84}.Debug|Any CPU.Build.0 = Debug|Any CPU
		{76F53DE5-AAA3-40B6-AC4C-58FEF73A4A84}.Release|Any CPU.ActiveCfg = Release|Any CPU
		{76F53DE5-AAA3-40B6-AC4C-58FEF73A4A84}.Release|Any CPU.Build.0 = Release|Any CPU
		{012C7CA2-8429-4370-BEA3-F5AD1E628D64}.Debug|Any CPU.ActiveCfg = Debug|Any CPU
		{012C7CA2-8429-4370-BEA3-F5AD1E628D64}.Debug|Any CPU.Build.0 = Debug|Any CPU
		{012C7CA2-8429-4370-BEA3-F5AD1E628D64}.Release|Any CPU.ActiveCfg = Release|Any CPU
		{012C7CA2-8429-4370-BEA3-F5AD1E628D64}.Release|Any CPU.Build.0 = Release|Any CPU
		{D0415AB4-46CD-49FA-A677-4E68B9734DF2}.Debug|Any CPU.ActiveCfg = Debug|Any CPU
		{D0415AB4-46CD-49FA-A677-4E68B9734DF2}.Debug|Any CPU.Build.0 = Debug|Any CPU
		{D0415AB4-46CD-49FA-A677-4E68B9734DF2}.Release|Any CPU.ActiveCfg = Release|Any CPU
		{D0415AB4-46CD-49FA-A677-4E68B9734DF2}.Release|Any CPU.Build.0 = Release|Any CPU
		{94080F91-C907-4121-B313-16E5CE11ED5C}.Debug|Any CPU.ActiveCfg = Debug|Any CPU
		{94080F91-C907-4121-B313-16E5CE11ED5C}.Debug|Any CPU.Build.0 = Debug|Any CPU
		{94080F91-C907-4121-B313-16E5CE11ED5C}.Release|Any CPU.ActiveCfg = Release|Any CPU
		{94080F91-C907-4121-B313-16E5CE11ED5C}.Release|Any CPU.Build.0 = Release|Any CPU
		{B449BEAF-E09D-48A8-B0FC-E264FF722447}.Debug|Any CPU.ActiveCfg = Debug|Any CPU
		{B449BEAF-E09D-48A8-B0FC-E264FF722447}.Debug|Any CPU.Build.0 = Debug|Any CPU
		{B449BEAF-E09D-48A8-B0FC-E264FF722447}.Release|Any CPU.ActiveCfg = Release|Any CPU
		{B449BEAF-E09D-48A8-B0FC-E264FF722447}.Release|Any CPU.Build.0 = Release|Any CPU
		{BC5FC6D2-5E53-42BD-94FD-43744C1E58AF}.Debug|Any CPU.ActiveCfg = Debug|Any CPU
		{BC5FC6D2-5E53-42BD-94FD-43744C1E58AF}.Debug|Any CPU.Build.0 = Debug|Any CPU
		{BC5FC6D2-5E53-42BD-94FD-43744C1E58AF}.Release|Any CPU.ActiveCfg = Release|Any CPU
		{BC5FC6D2-5E53-42BD-94FD-43744C1E58AF}.Release|Any CPU.Build.0 = Release|Any CPU
		{0928BBE0-B091-4917-91F2-24BD4ED17FD1}.Debug|Any CPU.ActiveCfg = Debug|Any CPU
		{0928BBE0-B091-4917-91F2-24BD4ED17FD1}.Debug|Any CPU.Build.0 = Debug|Any CPU
		{0928BBE0-B091-4917-91F2-24BD4ED17FD1}.Release|Any CPU.ActiveCfg = Release|Any CPU
		{0928BBE0-B091-4917-91F2-24BD4ED17FD1}.Release|Any CPU.Build.0 = Release|Any CPU
		{AABF9CF0-71AA-4D21-B420-F9EBD837F18C}.Debug|Any CPU.ActiveCfg = Debug|Any CPU
		{AABF9CF0-71AA-4D21-B420-F9EBD837F18C}.Debug|Any CPU.Build.0 = Debug|Any CPU
		{AABF9CF0-71AA-4D21-B420-F9EBD837F18C}.Release|Any CPU.ActiveCfg = Release|Any CPU
		{AABF9CF0-71AA-4D21-B420-F9EBD837F18C}.Release|Any CPU.Build.0 = Release|Any CPU
		{E9741539-F84F-4D4D-8E9E-2142C6FC642E}.Debug|Any CPU.ActiveCfg = Debug|Any CPU
		{E9741539-F84F-4D4D-8E9E-2142C6FC642E}.Debug|Any CPU.Build.0 = Debug|Any CPU
		{E9741539-F84F-4D4D-8E9E-2142C6FC642E}.Release|Any CPU.ActiveCfg = Release|Any CPU
		{E9741539-F84F-4D4D-8E9E-2142C6FC642E}.Release|Any CPU.Build.0 = Release|Any CPU
		{B00661B0-23FA-4FB4-8008-75281E0E56CA}.Debug|Any CPU.ActiveCfg = Debug|Any CPU
		{B00661B0-23FA-4FB4-8008-75281E0E56CA}.Debug|Any CPU.Build.0 = Debug|Any CPU
		{B00661B0-23FA-4FB4-8008-75281E0E56CA}.Release|Any CPU.ActiveCfg = Release|Any CPU
		{B00661B0-23FA-4FB4-8008-75281E0E56CA}.Release|Any CPU.Build.0 = Release|Any CPU
		{84104BCA-1905-4EDE-9720-BBE45AA54F13}.Debug|Any CPU.ActiveCfg = Debug|Any CPU
		{84104BCA-1905-4EDE-9720-BBE45AA54F13}.Debug|Any CPU.Build.0 = Debug|Any CPU
		{84104BCA-1905-4EDE-9720-BBE45AA54F13}.Release|Any CPU.ActiveCfg = Release|Any CPU
		{84104BCA-1905-4EDE-9720-BBE45AA54F13}.Release|Any CPU.Build.0 = Release|Any CPU
		{18C5F79B-A255-4809-ABD4-D04972D466C8}.Debug|Any CPU.ActiveCfg = Debug|Any CPU
		{18C5F79B-A255-4809-ABD4-D04972D466C8}.Debug|Any CPU.Build.0 = Debug|Any CPU
		{18C5F79B-A255-4809-ABD4-D04972D466C8}.Release|Any CPU.ActiveCfg = Release|Any CPU
		{18C5F79B-A255-4809-ABD4-D04972D466C8}.Release|Any CPU.Build.0 = Release|Any CPU
		{024EBCBE-0D0B-4F83-880D-4D8EE53A4DC5}.Debug|Any CPU.ActiveCfg = Debug|Any CPU
		{024EBCBE-0D0B-4F83-880D-4D8EE53A4DC5}.Debug|Any CPU.Build.0 = Debug|Any CPU
		{024EBCBE-0D0B-4F83-880D-4D8EE53A4DC5}.Release|Any CPU.ActiveCfg = Release|Any CPU
		{024EBCBE-0D0B-4F83-880D-4D8EE53A4DC5}.Release|Any CPU.Build.0 = Release|Any CPU
		{A920ED7A-4662-41A4-A4BE-98CDC04A82A7}.Debug|Any CPU.ActiveCfg = Debug|Any CPU
		{A920ED7A-4662-41A4-A4BE-98CDC04A82A7}.Debug|Any CPU.Build.0 = Debug|Any CPU
		{A920ED7A-4662-41A4-A4BE-98CDC04A82A7}.Release|Any CPU.ActiveCfg = Release|Any CPU
		{A920ED7A-4662-41A4-A4BE-98CDC04A82A7}.Release|Any CPU.Build.0 = Release|Any CPU
		{FA4E5767-074E-4F62-A29A-9808747FFC39}.Debug|Any CPU.ActiveCfg = Debug|Any CPU
		{FA4E5767-074E-4F62-A29A-9808747FFC39}.Debug|Any CPU.Build.0 = Debug|Any CPU
		{FA4E5767-074E-4F62-A29A-9808747FFC39}.Release|Any CPU.ActiveCfg = Release|Any CPU
		{FA4E5767-074E-4F62-A29A-9808747FFC39}.Release|Any CPU.Build.0 = Release|Any CPU
	EndGlobalSection
	GlobalSection(NestedProjects) = preSolution
		{4030C68B-5873-4429-B142-3E6CE5C152A4} = {A3D55361-3A4F-408C-827C-9C6A18ED7053}
		{2DBB8B44-E25A-48B8-938C-0893D593B8BB} = {4030C68B-5873-4429-B142-3E6CE5C152A4}
		{47D3ED42-CD3C-4842-AA37-1D9A1A49F312} = {2DBB8B44-E25A-48B8-938C-0893D593B8BB}
		{18E86C09-5114-4BB5-BD85-C2F035CC9B11} = {47D3ED42-CD3C-4842-AA37-1D9A1A49F312}
		{76D245A6-783E-4BEE-B64A-E8DBA453C9F2} = {47D3ED42-CD3C-4842-AA37-1D9A1A49F312}
		{6BE3B2F4-A3C3-4DA2-89A0-02E9D88A92A7} = {4030C68B-5873-4429-B142-3E6CE5C152A4}
		{F404A13D-9E1C-4E71-98FE-A49319954990} = {6BE3B2F4-A3C3-4DA2-89A0-02E9D88A92A7}
		{A9946032-B813-4C3A-B771-C7E8F61B2B64} = {F404A13D-9E1C-4E71-98FE-A49319954990}
		{76F53DE5-AAA3-40B6-AC4C-58FEF73A4A84} = {F404A13D-9E1C-4E71-98FE-A49319954990}
		{012C7CA2-8429-4370-BEA3-F5AD1E628D64} = {F404A13D-9E1C-4E71-98FE-A49319954990}
		{D0415AB4-46CD-49FA-A677-4E68B9734DF2} = {F404A13D-9E1C-4E71-98FE-A49319954990}
		{6F819D82-C2EA-44FD-A705-775F63639C2A} = {4030C68B-5873-4429-B142-3E6CE5C152A4}
		{D5C5D7C4-D7C6-40E7-9367-8C7319667AE8} = {6F819D82-C2EA-44FD-A705-775F63639C2A}
		{94080F91-C907-4121-B313-16E5CE11ED5C} = {D5C5D7C4-D7C6-40E7-9367-8C7319667AE8}
		{B449BEAF-E09D-48A8-B0FC-E264FF722447} = {D5C5D7C4-D7C6-40E7-9367-8C7319667AE8}
		{BC5FC6D2-5E53-42BD-94FD-43744C1E58AF} = {D5C5D7C4-D7C6-40E7-9367-8C7319667AE8}
		{0928BBE0-B091-4917-91F2-24BD4ED17FD1} = {D5C5D7C4-D7C6-40E7-9367-8C7319667AE8}
		{AABF9CF0-71AA-4D21-B420-F9EBD837F18C} = {D5C5D7C4-D7C6-40E7-9367-8C7319667AE8}
		{E9741539-F84F-4D4D-8E9E-2142C6FC642E} = {D5C5D7C4-D7C6-40E7-9367-8C7319667AE8}
		{11A630B6-37EB-46F3-B752-2B0CAD9A465D} = {4030C68B-5873-4429-B142-3E6CE5C152A4}
		{DE8B6912-C263-438C-92BC-447B8B7F57E8} = {11A630B6-37EB-46F3-B752-2B0CAD9A465D}
		{B00661B0-23FA-4FB4-8008-75281E0E56CA} = {DE8B6912-C263-438C-92BC-447B8B7F57E8}
		{84104BCA-1905-4EDE-9720-BBE45AA54F13} = {DE8B6912-C263-438C-92BC-447B8B7F57E8}
		{18C5F79B-A255-4809-ABD4-D04972D466C8} = {DE8B6912-C263-438C-92BC-447B8B7F57E8}
		{D332FFAE-F64A-4CF6-9D9A-E594895BACC7} = {4030C68B-5873-4429-B142-3E6CE5C152A4}
		{3B42C2BF-715D-42F8-A561-BDC51D590768} = {D332FFAE-F64A-4CF6-9D9A-E594895BACC7}
		{024EBCBE-0D0B-4F83-880D-4D8EE53A4DC5} = {3B42C2BF-715D-42F8-A561-BDC51D590768}
		{A920ED7A-4662-41A4-A4BE-98CDC04A82A7} = {3B42C2BF-715D-42F8-A561-BDC51D590768}
		{FA4E5767-074E-4F62-A29A-9808747FFC39} = {3B42C2BF-715D-42F8-A561-BDC51D590768}
	EndGlobalSection
EndGlobal
