{
  "version": 4,
  "terraform_version": "1.9.8",
  "serial": 12,
  "lineage": "fdb0f8f0-b9dc-6142-3c4c-c152fd68347a",
  "outputs": {
    "cloud_dns_nameservers": {
      "value": [
        "ns-cloud-b1.googledomains.com.",
        "ns-cloud-b2.googledomains.com.",
        "ns-cloud-b3.googledomains.com.",
        "ns-cloud-b4.googledomains.com."
      ],
      "type": [
        "list",
        "string"
      ]
    }
  },
  "resources": [
    {
      "mode": "managed",
      "type": "google_dns_managed_zone",
      "name": "softhouse",
      "provider": "provider[\"registry.terraform.io/hashicorp/google\"]",
      "instances": [
        {
          "schema_version": 0,
          "attributes": {
            "cloud_logging_config": [
              {
                "enable_logging": false
              }
            ],
            "creation_time": "2026-09-23T23:32:32.197Z",
            "description": "Zona DNS do softhouse.app.br (migrada do MonsterASP)",
            "dns_name": "softhouse.app.br.",
            "dnssec_config": [],
            "effective_labels": {
              "goog-terraform-provisioned": "true"
            },
            "force_destroy": false,
            "forwarding_config": [],
            "id": "projects/cime-prod/managedZones/softhouse-app-br",
            "labels": null,
            "managed_zone_id": 2183037922219441516,
            "name": "softhouse-app-br",
            "name_servers": [
              "ns-cloud-b1.googledomains.com.",
              "ns-cloud-b2.googledomains.com.",
              "ns-cloud-b3.googledomains.com.",
              "ns-cloud-b4.googledomains.com."
            ],
            "peering_config": [],
            "private_visibility_config": [],
            "project": "cime-prod",
            "terraform_labels": {
              "goog-terraform-provisioned": "true"
            },
            "timeouts": null,
            "visibility": "public"
          },
          "sensitive_attributes": [],
          "private": "eyJlMmJmYjczMC1lY2FhLTExZTYtOGY4OC0zNDM2M2JjN2M0YzAiOnsiY3JlYXRlIjoxMjAwMDAwMDAwMDAwLCJkZWxldGUiOjEyMDAwMDAwMDAwMDAsInVwZGF0ZSI6MTIwMDAwMDAwMDAwMH19"
        }
      ]
    },
    {
      "mode": "managed",
      "type": "google_dns_record_set",
      "name": "api",
      "provider": "provider[\"registry.terraform.io/hashicorp/google\"]",
      "instances": [
        {
          "schema_version": 0,
          "attributes": {
            "id": "projects/cime-prod/managedZones/softhouse-app-br/rrsets/api.softhouse.app.br./CNAME",
            "managed_zone": "softhouse-app-br",
            "name": "api.softhouse.app.br.",
            "project": "cime-prod",
            "routing_policy": [],
            "rrdatas": [
              "ghs.googlehosted.com."
            ],
            "ttl": 300,
            "type": "CNAME"
          },
          "sensitive_attributes": [],
          "private": "bnVsbA==",
          "dependencies": [
            "google_dns_managed_zone.softhouse"
          ]
        }
      ]
    },
    {
      "mode": "managed",
      "type": "google_dns_record_set",
      "name": "app",
      "provider": "provider[\"registry.terraform.io/hashicorp/google\"]",
      "instances": [
        {
          "schema_version": 0,
          "attributes": {
            "id": "projects/cime-prod/managedZones/softhouse-app-br/rrsets/app.softhouse.app.br./CNAME",
            "managed_zone": "softhouse-app-br",
            "name": "app.softhouse.app.br.",
            "project": "cime-prod",
            "routing_policy": [],
            "rrdatas": [
              "ghs.googlehosted.com."
            ],
            "ttl": 300,
            "type": "CNAME"
          },
          "sensitive_attributes": [],
          "private": "bnVsbA==",
          "dependencies": [
            "google_dns_managed_zone.softhouse"
          ]
        }
      ]
    },
    {
      "mode": "managed",
      "type": "google_dns_record_set",
      "name": "auth",
      "provider": "provider[\"registry.terraform.io/hashicorp/google\"]",
      "instances": [
        {
          "schema_version": 0,
          "attributes": {
            "id": "projects/cime-prod/managedZones/softhouse-app-br/rrsets/auth.softhouse.app.br./CNAME",
            "managed_zone": "softhouse-app-br",
            "name": "auth.softhouse.app.br.",
            "project": "cime-prod",
            "routing_policy": [],
            "rrdatas": [
              "ghs.googlehosted.com."
            ],
            "ttl": 300,
            "type": "CNAME"
          },
          "sensitive_attributes": [],
          "private": "bnVsbA==",
          "dependencies": [
            "google_dns_managed_zone.softhouse"
          ]
        }
      ]
    },
    {
      "mode": "managed",
      "type": "google_dns_record_set",
      "name": "autodiscover",
      "provider": "provider[\"registry.terraform.io/hashicorp/google\"]",
      "instances": [
        {
          "schema_version": 0,
          "attributes": {
            "id": "projects/cime-prod/managedZones/softhouse-app-br/rrsets/autodiscover.softhouse.app.br./CNAME",
            "managed_zone": "softhouse-app-br",
            "name": "autodiscover.softhouse.app.br.",
            "project": "cime-prod",
            "routing_policy": [],
            "rrdatas": [
              "mail2025.mailasp.net."
            ],
            "ttl": 3600,
            "type": "CNAME"
          },
          "sensitive_attributes": [],
          "private": "bnVsbA==",
          "dependencies": [
            "google_dns_managed_zone.softhouse"
          ]
        }
      ]
    },
    {
      "mode": "managed",
      "type": "google_dns_record_set",
      "name": "mx",
      "provider": "provider[\"registry.terraform.io/hashicorp/google\"]",
      "instances": [
        {
          "schema_version": 0,
          "attributes": {
            "id": "projects/cime-prod/managedZones/softhouse-app-br/rrsets/softhouse.app.br./MX",
            "managed_zone": "softhouse-app-br",
            "name": "softhouse.app.br.",
            "project": "cime-prod",
            "routing_policy": [],
            "rrdatas": [
              "10 mail2025.mailasp.net."
            ],
            "ttl": 3600,
            "type": "MX"
          },
          "sensitive_attributes": [],
          "private": "bnVsbA==",
          "dependencies": [
            "google_dns_managed_zone.softhouse"
          ]
        }
      ]
    },
    {
      "mode": "managed",
      "type": "google_dns_record_set",
      "name": "root_a",
      "provider": "provider[\"registry.terraform.io/hashicorp/google\"]",
      "instances": [
        {
          "schema_version": 0,
          "attributes": {
            "id": "projects/cime-prod/managedZones/softhouse-app-br/rrsets/softhouse.app.br./A",
            "managed_zone": "softhouse-app-br",
            "name": "softhouse.app.br.",
            "project": "cime-prod",
            "routing_policy": [],
            "rrdatas": [
              "148.251.141.67"
            ],
            "ttl": 300,
            "type": "A"
          },
          "sensitive_attributes": [],
          "private": "bnVsbA==",
          "dependencies": [
            "google_dns_managed_zone.softhouse"
          ]
        }
      ]
    },
    {
      "mode": "managed",
      "type": "google_dns_record_set",
      "name": "srv_autodiscover",
      "provider": "provider[\"registry.terraform.io/hashicorp/google\"]",
      "instances": [
        {
          "schema_version": 0,
          "attributes": {
            "id": "projects/cime-prod/managedZones/softhouse-app-br/rrsets/_autodiscover._tcp.softhouse.app.br./SRV",
            "managed_zone": "softhouse-app-br",
            "name": "_autodiscover._tcp.softhouse.app.br.",
            "project": "cime-prod",
            "routing_policy": [],
            "rrdatas": [
              "10 10 443 mail2025.mailasp.net."
            ],
            "ttl": 3600,
            "type": "SRV"
          },
          "sensitive_attributes": [],
          "private": "bnVsbA==",
          "dependencies": [
            "google_dns_managed_zone.softhouse"
          ]
        }
      ]
    },
    {
      "mode": "managed",
      "type": "google_dns_record_set",
      "name": "txt",
      "provider": "provider[\"registry.terraform.io/hashicorp/google\"]",
      "instances": [
        {
          "schema_version": 0,
          "attributes": {
            "id": "projects/cime-prod/managedZones/softhouse-app-br/rrsets/softhouse.app.br./TXT",
            "managed_zone": "softhouse-app-br",
            "name": "softhouse.app.br.",
            "project": "cime-prod",
            "routing_policy": [],
            "rrdatas": [
              "\"v=spf1 a mx include:spf.mailasp.net ~all\"",
              "\"google-site-verification=i9MhzJXvjatt1lvRgzKa_GiAE-mb69wt2Dhd53iourA\""
            ],
            "ttl": 3600,
            "type": "TXT"
          },
          "sensitive_attributes": [],
          "private": "bnVsbA==",
          "dependencies": [
            "google_dns_managed_zone.softhouse"
          ]
        }
      ]
    },
    {
      "mode": "managed",
      "type": "google_dns_record_set",
      "name": "webmail",
      "provider": "provider[\"registry.terraform.io/hashicorp/google\"]",
      "instances": [
        {
          "schema_version": 0,
          "attributes": {
            "id": "projects/cime-prod/managedZones/softhouse-app-br/rrsets/webmail.softhouse.app.br./CNAME",
            "managed_zone": "softhouse-app-br",
            "name": "webmail.softhouse.app.br.",
            "project": "cime-prod",
            "routing_policy": [],
            "rrdatas": [
              "mail2025.mailasp.net."
            ],
            "ttl": 3600,
            "type": "CNAME"
          },
          "sensitive_attributes": [],
          "private": "bnVsbA==",
          "dependencies": [
            "google_dns_managed_zone.softhouse"
          ]
        }
      ]
    },
    {
      "mode": "managed",
      "type": "google_dns_record_set",
      "name": "www",
      "provider": "provider[\"registry.terraform.io/hashicorp/google\"]",
      "instances": [
        {
          "schema_version": 0,
          "attributes": {
            "id": "projects/cime-prod/managedZones/softhouse-app-br/rrsets/www.softhouse.app.br./CNAME",
            "managed_zone": "softhouse-app-br",
            "name": "www.softhouse.app.br.",
            "project": "cime-prod",
            "routing_policy": [],
            "rrdatas": [
              "site40779.siteasp.net."
            ],
            "ttl": 300,
            "type": "CNAME"
          },
          "sensitive_attributes": [],
          "private": "bnVsbA==",
          "dependencies": [
            "google_dns_managed_zone.softhouse"
          ]
        }
      ]
    }
  ],
  "check_results": null
}
